// !$*UTF8*$!
{
	archiveVersion = 1;
	classes = {
	};
	objectVersion = 50;
	objects = {

/* Begin PBXBuildFile section */
		3D340839233C0EE100C12781 /* AppDelegate.swift in Sources */ = {isa = PBXBuildFile; fileRef = 3D340838233C0EE100C12781 /* AppDelegate.swift */; };
		3D34083B233C0EE100C12781 /* ViewController.swift in Sources */ = {isa = PBXBuildFile; fileRef = 3D34083A233C0EE100C12781 /* ViewController.swift */; };
		3D34083E233C0EE100C12781 /* Main.storyboard in Resources */ = {isa = PBXBuildFile; fileRef = 3D34083C233C0EE100C12781 /* Main.storyboard */; };
		3D340840233C0EE300C12781 /* Assets.xcassets in Resources */ = {isa = PBXBuildFile; fileRef = 3D34083F233C0EE300C12781 /* Assets.xcassets */; };
		3D340843233C0EE300C12781 /* LaunchScreen.storyboard in Resources */ = {isa = PBXBuildFile; fileRef = 3D340841233C0EE300C12781 /* LaunchScreen.storyboard */; };
		3D34084E233C0EE400C12781 /* RestaurantesTests.swift in Sources */ = {isa = PBXBuildFile; fileRef = 3D34084D233C0EE400C12781 /* RestaurantesTests.swift */; };
		3D340859233C0EE400C12781 /* RestaurantesUITests.swift in Sources */ = {isa = PBXBuildFile; fileRef = 3D340858233C0EE400C12781 /* RestaurantesUITests.swift */; };
		3D340867233C10AB00C12781 /* Restaurante.swift in Sources */ = {isa = PBXBuildFile; fileRef = 3D340866233C10AB00C12781 /* Restaurante.swift */; };
		3D340869233C11D600C12781 /* RestaurantesController.swift in Sources */ = {isa = PBXBuildFile; fileRef = 3D340868233C11D600C12781 /* RestaurantesController.swift */; };
		3D34086B233C178100C12781 /* DetallesRestauranteController.swift in Sources */ = {isa = PBXBuildFile; fileRef = 3D34086A233C178100C12781 /* DetallesRestauranteController.swift */; };
/* End PBXBuildFile section */

/* Begin PBXContainerItemProxy section */
		3D34084A233C0EE400C12781 /* PBXContainerItemProxy */ = {
			isa = PBXContainerItemProxy;
			containerPortal = 3D34082D233C0EE100C12781 /* Project object */;
			proxyType = 1;
			remoteGlobalIDString = 3D340834233C0EE100C12781;
			remoteInfo = Restaurantes;
		};
		3D340855233C0EE400C12781 /* PBXContainerItemProxy */ = {
			isa = PBXContainerItemProxy;
			containerPortal = 3D34082D233C0EE100C12781 /* Project object */;
			proxyType = 1;
			remoteGlobalIDString = 3D340834233C0EE100C12781;
			remoteInfo = Restaurantes;
		};
/* End PBXContainerItemProxy section */

/* Begin PBXFileReference section */
		3D340835233C0EE100C12781 /* Restaurantes.app */ = {isa = PBXFileReference; explicitFileType = wrapper.application; includeInIndex = 0; path = Restaurantes.app; sourceTree = BUILT_PRODUCTS_DIR; };
		3D340838233C0EE100C12781 /* AppDelegate.swift */ = {isa = PBXFileReference; lastKnownFileType = sourcecode.swift; path = AppDelegate.swift; sourceTree = "<group>"; };
		3D34083A233C0EE100C12781 /* ViewController.swift */ = {isa = PBXFileReference; lastKnownFileType = sourcecode.swift; path = ViewController.swift; sourceTree = "<group>"; };
		3D34083D233C0EE100C12781 /* Base */ = {isa = PBXFileReference; lastKnownFileType = file.storyboard; name = Base; path = Base.lproj/Main.storyboard; sourceTree = "<group>"; };
		3D34083F233C0EE300C12781 /* Assets.xcassets */ = {isa = PBXFileReference; lastKnownFileType = folder.assetcatalog; path = Assets.xcassets; sourceTree = "<group>"; };
		3D340842233C0EE300C12781 /* Base */ = {isa = PBXFileReference; lastKnownFileType = file.storyboard; name = Base; path = Base.lproj/LaunchScreen.storyboard; sourceTree = "<group>"; };
		3D340844233C0EE300C12781 /* Info.plist */ = {isa = PBXFileReference; lastKnownFileType = text.plist.xml; path = Info.plist; sourceTree = "<group>"; };
		3D340849233C0EE400C12781 /* RestaurantesTests.xctest */ = {isa = PBXFileReference; explicitFileType = wrapper.cfbundle; includeInIndex = 0; path = RestaurantesTests.xctest; sourceTree = BUILT_PRODUCTS_DIR; };
		3D34084D233C0EE400C12781 /* RestaurantesTests.swift */ = {isa = PBXFileReference; lastKnownFileType = sourcecode.swift; path = RestaurantesTests.swift; sourceTree = "<group>"; };
		3D34084F233C0EE400C12781 /* Info.plist */ = {isa = PBXFileReference; lastKnownFileType = text.plist.xml; path = Info.plist; sourceTree = "<group>"; };
		3D340854233C0EE400C12781 /* RestaurantesUITests.xctest */ = {isa = PBXFileReference; explicitFileType = wrapper.cfbundle; includeInIndex = 0; path = RestaurantesUITests.xctest; sourceTree = BUILT_PRODUCTS_DIR; };
		3D340858233C0EE400C12781 /* RestaurantesUITests.swift */ = {isa = PBXFileReference; lastKnownFileType = sourcecode.swift; path = RestaurantesUITests.swift; sourceTree = "<group>"; };
		3D34085A233C0EE400C12781 /* Info.plist */ = {isa = PBXFileReference; lastKnownFileType = text.plist.xml; path = Info.plist; sourceTree = "<group>"; };
		3D340866233C10AB00C12781 /* Restaurante.swift */ = {isa = PBXFileReference; lastKnownFileType = sourcecode.swift; path = Restaurante.swift; sourceTree = "<group>"; };
		3D340868233C11D600C12781 /* RestaurantesController.swift */ = {isa = PBXFileReference; lastKnownFileType = sourcecode.swift; path = RestaurantesController.swift; sourceTree = "<group>"; };
		3D34086A233C178100C12781 /* DetallesRestauranteController.swift */ = {isa = PBXFileReference; lastKnownFileType = sourcecode.swift; path = DetallesRestauranteController.swift; sourceTree = "<group>"; };
/* End PBXFileReference section */

/* Begin PBXFrameworksBuildPhase section */
		3D340832233C0EE100C12781 /* Frameworks */ = {
			isa = PBXFrameworksBuildPhase;
			buildActionMask = 2147483647;
			files = (
			);
			runOnlyForDeploymentPostprocessing = 0;
		};
		3D340846233C0EE400C12781 /* Frameworks */ = {
			isa = PBXFrameworksBuildPhase;
			buildActionMask = 2147483647;
			files = (
			);
			runOnlyForDeploymentPostprocessing = 0;
		};
		3D340851233C0EE400C12781 /* Frameworks */ = {
			isa = PBXFrameworksBuildPhase;
			buildActionMask = 2147483647;
			files = (
			);
			runOnlyForDeploymentPostprocessing = 0;
		};
/* End PBXFrameworksBuildPhase section */

/* Begin PBXGroup section */
		3D34082C233C0EE100C12781 = {
			isa = PBXGroup;
			children = (
				3D340837233C0EE100C12781 /* Restaurantes */,
				3D34084C233C0EE400C12781 /* RestaurantesTests */,
				3D340857233C0EE400C12781 /* RestaurantesUITests */,
				3D340836233C0EE100C12781 /* Products */,
			);
			sourceTree = "<group>";
		};
		3D340836233C0EE100C12781 /* Products */ = {
			isa = PBXGroup;
			children = (
				3D340835233C0EE100C12781 /* Restaurantes.app */,
				3D340849233C0EE400C12781 /* RestaurantesTests.xctest */,
				3D340854233C0EE400C12781 /* RestaurantesUITests.xctest */,
			);
			name = Products;
			sourceTree = "<group>";
		};
		3D340837233C0EE100C12781 /* Restaurantes */ = {
			isa = PBXGroup;
			children = (
				3D340838233C0EE100C12781 /* AppDelegate.swift */,
				3D34083A233C0EE100C12781 /* ViewController.swift */,
				3D34083C233C0EE100C12781 /* Main.storyboard */,
				3D34083F233C0EE300C12781 /* Assets.xcassets */,
				3D340841233C0EE300C12781 /* LaunchScreen.storyboard */,
				3D340844233C0EE300C12781 /* Info.plist */,
				3D340866233C10AB00C12781 /* Restaurante.swift */,
				3D340868233C11D600C12781 /* RestaurantesController.swift */,
				3D34086A233C178100C12781 /* DetallesRestauranteController.swift */,
			);
			path = Restaurantes;
			sourceTree = "<group>";
		};
		3D34084C233C0EE400C12781 /* RestaurantesTests */ = {
			isa = PBXGroup;
			children = (
				3D34084D233C0EE400C12781 /* RestaurantesTests.swift */,
				3D34084F233C0EE400C12781 /* Info.plist */,
			);
			path = RestaurantesTests;
			sourceTree = "<group>";
		};
		3D340857233C0EE400C12781 /* RestaurantesUITests */ = {
			isa = PBXGroup;
			children = (
				3D340858233C0EE400C12781 /* RestaurantesUITests.swift */,
				3D34085A233C0EE400C12781 /* Info.plist */,
			);
			path = RestaurantesUITests;
			sourceTree = "<group>";
		};
/* End PBXGroup section */

/* Begin PBXNativeTarget section */
		3D340834233C0EE100C12781 /* Restaurantes */ = {
			isa = PBXNativeTarget;
			buildConfigurationList = 3D34085D233C0EE400C12781 /* Build configuration list for PBXNativeTarget "Restaurantes" */;
			buildPhases = (
				3D340831233C0EE100C12781 /* Sources */,
				3D340832233C0EE100C12781 /* Frameworks */,
				3D340833233C0EE100C12781 /* Resources */,
			);
			buildRules = (
			);
			dependencies = (
			);
			name = Restaurantes;
			productName = Restaurantes;
			productReference = 3D340835233C0EE100C12781 /* Restaurantes.app */;
			productType = "com.apple.product-type.application";
		};
		3D340848233C0EE400C12781 /* RestaurantesTests */ = {
			isa = PBXNativeTarget;
			buildConfigurationList = 3D340860233C0EE400C12781 /* Build configuration list for PBXNativeTarget "RestaurantesTests" */;
			buildPhases = (
				3D340845233C0EE400C12781 /* Sources */,
				3D340846233C0EE400C12781 /* Frameworks */,
				3D340847233C0EE400C12781 /* Resources */,
			);
			buildRules = (
			);
			dependencies = (
				3D34084B233C0EE400C12781 /* PBXTargetDependency */,
			);
			name = RestaurantesTests;
			productName = RestaurantesTests;
			productReference = 3D340849233C0EE400C12781 /* RestaurantesTests.xctest */;
			productType = "com.apple.product-type.bundle.unit-test";
		};
		3D340853233C0EE400C12781 /* RestaurantesUITests */ = {
			isa = PBXNativeTarget;
			buildConfigurationList = 3D340863233C0EE400C12781 /* Build configuration list for PBXNativeTarget "RestaurantesUITests" */;
			buildPhases = (
				3D340850233C0EE400C12781 /* Sources */,
				3D340851233C0EE400C12781 /* Frameworks */,
				3D340852233C0EE400C12781 /* Resources */,
			);
			buildRules = (
			);
			dependencies = (
				3D340856233C0EE400C12781 /* PBXTargetDependency */,
			);
			name = RestaurantesUITests;
			productName = RestaurantesUITests;
			productReference = 3D340854233C0EE400C12781 /* RestaurantesUITests.xctest */;
			productType = "com.apple.product-type.bundle.ui-testing";
		};
/* End PBXNativeTarget section */

/* Begin PBXProject section */
		3D34082D233C0EE100C12781 /* Project object */ = {
			isa = PBXProject;
			attributes = {
				LastSwiftUpdateCheck = 1030;
				LastUpgradeCheck = 1030;
				ORGANIZATIONNAME = Alumno;
				TargetAttributes = {
					3D340834233C0EE100C12781 = {
						CreatedOnToolsVersion = 10.3;
					};
					3D340848233C0EE400C12781 = {
						CreatedOnToolsVersion = 10.3;
						TestTargetID = 3D340834233C0EE100C12781;
					};
					3D340853233C0EE400C12781 = {
						CreatedOnToolsVersion = 10.3;
						TestTargetID = 3D340834233C0EE100C12781;
					};
				};
			};
			buildConfigurationList = 3D340830233C0EE100C12781 /* Build configuration list for PBXProject "Restaurantes" */;
			compatibilityVersion = "Xcode 9.3";
			developmentRegion = en;
			hasScannedForEncodings = 0;
			knownRegions = (
				en,
				Base,
			);
			mainGroup = 3D34082C233C0EE100C12781;
			productRefGroup = 3D340836233C0EE100C12781 /* Products */;
			projectDirPath = "";
			projectRoot = "";
			targets = (
				3D340834233C0EE100C12781 /* Restaurantes */,
				3D340848233C0EE400C12781 /* RestaurantesTests */,
				3D340853233C0EE400C12781 /* RestaurantesUITests */,
			);
		};
/* End PBXProject section */

/* Begin PBXResourcesBuildPhase section */
		3D340833233C0EE100C12781 /* Resources */ = {
			isa = PBXResourcesBuildPhase;
			buildActionMask = 2147483647;
			files = (
				3D340843233C0EE300C12781 /* LaunchScreen.storyboard in Resources */,
				3D340840233C0EE300C12781 /* Assets.xcassets in Resources */,
				3D34083E233C0EE100C12781 /* Main.storyboard in Resources */,
			);
			runOnlyForDeploymentPostprocessing = 0;
		};
		3D340847233C0EE400C12781 /* Resources */ = {
			isa = PBXResourcesBuildPhase;
			buildActionMask = 2147483647;
			files = (
			);
			runOnlyForDeploymentPostprocessing = 0;
		};
		3D340852233C0EE400C12781 /* Resources */ = {
			isa = PBXResourcesBuildPhase;
			buildActionMask = 2147483647;
			files = (
			);
			runOnlyForDeploymentPostprocessing = 0;
		};
/* End PBXResourcesBuildPhase section */

/* Begin PBXSourcesBuildPhase section */
		3D340831233C0EE100C12781 /* Sources */ = {
			isa = PBXSourcesBuildPhase;
			buildActionMask = 2147483647;
			files = (
				3D340869233C11D600C12781 /* RestaurantesController.swift in Sources */,
				3D34083B233C0EE100C12781 /* ViewController.swift in Sources */,
				3D340839233C0EE100C12781 /* AppDelegate.swift in Sources */,
				3D34086B233C178100C12781 /* DetallesRestauranteController.swift in Sources */,
				3D340867233C10AB00C12781 /* Restaurante.swift in Sources */,
			);
			runOnlyForDeploymentPostprocessing = 0;
		};
		3D340845233C0EE400C12781 /* Sources */ = {
			isa = PBXSourcesBuildPhase;
			buildActionMask = 2147483647;
			files = (
				3D34084E233C0EE400C12781 /* RestaurantesTests.swift in Sources */,
			);
			runOnlyForDeploymentPostprocessing = 0;
		};
		3D340850233C0EE400C12781 /* Sources */ = {
			isa = PBXSourcesBuildPhase;
			buildActionMask = 2147483647;
			files = (
				3D340859233C0EE400C12781 /* RestaurantesUITests.swift in Sources */,
			);
			runOnlyForDeploymentPostprocessing = 0;
		};
/* End PBXSourcesBuildPhase section */

/* Begin PBXTargetDependency section */
		3D34084B233C0EE400C12781 /* PBXTargetDependency */ = {
			isa = PBXTargetDependency;
			target = 3D340834233C0EE100C12781 /* Restaurantes */;
			targetProxy = 3D34084A233C0EE400C12781 /* PBXContainerItemProxy */;
		};
		3D340856233C0EE400C12781 /* PBXTargetDependency */ = {
			isa = PBXTargetDependency;
			target = 3D340834233C0EE100C12781 /* Restaurantes */;
			targetProxy = 3D340855233C0EE400C12781 /* PBXContainerItemProxy */;
		};
/* End PBXTargetDependency section */

/* Begin PBXVariantGroup section */
		3D34083C233C0EE100C12781 /* Main.storyboard */ = {
			isa = PBXVariantGroup;
			children = (
				3D34083D233C0EE100C12781 /* Base */,
			);
			name = Main.storyboard;
			sourceTree = "<group>";
		};
		3D340841233C0EE300C12781 /* LaunchScreen.storyboard */ = {
			isa = PBXVariantGroup;
			children = (
				3D340842233C0EE300C12781 /* Base */,
			);
			name = LaunchScreen.storyboard;
			sourceTree = "<group>";
		};
/* End PBXVariantGroup section */

/* Begin XCBuildConfiguration section */
		3D34085B233C0EE400C12781 /* Debug */ = {
			isa = XCBuildConfiguration;
			buildSettings = {
				ALWAYS_SEARCH_USER_PATHS = NO;
				CLANG_ANALYZER_NONNULL = YES;
				CLANG_ANALYZER_NUMBER_OBJECT_CONVERSION = YES_AGGRESSIVE;
				CLANG_CXX_LANGUAGE_STANDARD = "gnu++14";
				CLANG_CXX_LIBRARY = "libc++";
				CLANG_ENABLE_MODULES = YES;
				CLANG_ENABLE_OBJC_ARC = YES;
				CLANG_ENABLE_OBJC_WEAK = YES;
				CLANG_WARN_BLOCK_CAPTURE_AUTORELEASING = YES;
				CLANG_WARN_BOOL_CONVERSION = YES;
				CLANG_WARN_COMMA = YES;
				CLANG_WARN_CONSTANT_CONVERSION = YES;
				CLANG_WARN_DEPRECATED_OBJC_IMPLEMENTATIONS = YES;
				CLANG_WARN_DIRECT_OBJC_ISA_USAGE = YES_ERROR;
				CLANG_WARN_DOCUMENTATION_COMMENTS = YES;
				CLANG_WARN_EMPTY_BODY = YES;
				CLANG_WARN_ENUM_CONVERSION = YES;
				CLANG_WARN_INFINITE_RECURSION = YES;
				CLANG_WARN_INT_CONVERSION = YES;
				CLANG_WARN_NON_LITERAL_NULL_CONVERSION = YES;
				CLANG_WARN_OBJC_IMPLICIT_RETAIN_SELF = YES;
				CLANG_WARN_OBJC_LITERAL_CONVERSION = YES;
				CLANG_WARN_OBJC_ROOT_CLASS = YES_ERROR;
				CLANG_WARN_RANGE_LOOP_ANALYSIS = YES;
				CLANG_WARN_STRICT_PROTOTYPES = YES;
				CLANG_WARN_SUSPICIOUS_MOVE = YES;
				CLANG_WARN_UNGUARDED_AVAILABILITY = YES_AGGRESSIVE;
				CLANG_WARN_UNREACHABLE_CODE = YES;
				CLANG_WARN__DUPLICATE_METHOD_MATCH = YES;
				CODE_SIGN_IDENTITY = "iPhone Developer";
				COPY_PHASE_STRIP = NO;
				DEBUG_INFORMATION_FORMAT = dwarf;
				ENABLE_STRICT_OBJC_MSGSEND = YES;
				ENABLE_TESTABILITY = YES;
				GCC_C_LANGUAGE_STANDARD = gnu11;
				GCC_DYNAMIC_NO_PIC = NO;
				GCC_NO_COMMON_BLOCKS = YES;
				GCC_OPTIMIZATION_LEVEL = 0;
				GCC_PREPROCESSOR_DEFINITIONS = (
					"DEBUG=1",
					"$(inherited)",
				);
				GCC_WARN_64_TO_32_BIT_CONVERSION = YES;
				GCC_WARN_ABOUT_RETURN_TYPE = YES_ERROR;
				GCC_WARN_UNDECLARED_SELECTOR = YES;
				GCC_WARN_UNINITIALIZED_AUTOS = YES_AGGRESSIVE;
				GCC_WARN_UNUSED_FUNCTION = YES;
				GCC_WARN_UNUSED_VARIABLE = YES;
				IPHONEOS_DEPLOYMENT_TARGET = 12.4;
				MTL_ENABLE_DEBUG_INFO = INCLUDE_SOURCE;
				MTL_FAST_MATH = YES;
				ONLY_ACTIVE_ARCH = YES;
				SDKROOT = iphoneos;
				SWIFT_ACTIVE_COMPILATION_CONDITIONS = DEBUG;
				SWIFT_OPTIMIZATION_LEVEL = "-Onone";
			};
			name = Debug;
		};
		3D34085C233C0EE400C12781 /* Release */ = {
			isa = XCBuildConfiguration;
			buildSettings = {
				ALWAYS_SEARCH_USER_PATHS = NO;
				CLANG_ANALYZER_NONNULL = YES;
				CLANG_ANALYZER_NUMBER_OBJECT_CONVERSION = YES_AGGRESSIVE;
				CLANG_CXX_LANGUAGE_STANDARD = "gnu++14";
				CLANG_CXX_LIBRARY = "libc++";
				CLANG_ENABLE_MODULES = YES;
				CLANG_ENABLE_OBJC_ARC = YES;
				CLANG_ENABLE_OBJC_WEAK = YES;
				CLANG_WARN_BLOCK_CAPTURE_AUTORELEASING = YES;
				CLANG_WARN_BOOL_CONVERSION = YES;
				CLANG_WARN_COMMA = YES;
				CLANG_WARN_CONSTANT_CONVERSION = YES;
				CLANG_WARN_DEPRECATED_OBJC_IMPLEMENTATIONS = YES;
				CLANG_WARN_DIRECT_OBJC_ISA_USAGE = YES_ERROR;
				CLANG_WARN_DOCUMENTATION_COMMENTS = YES;
				CLANG_WARN_EMPTY_BODY = YES;
				CLANG_WARN_ENUM_CONVERSION = YES;
				CLANG_WARN_INFINITE_RECURSION = YES;
				CLANG_WARN_INT_CONVERSION = YES;
				CLANG_WARN_NON_LITERAL_NULL_CONVERSION = YES;
				CLANG_WARN_OBJC_IMPLICIT_RETAIN_SELF = YES;
				CLANG_WARN_OBJC_LITERAL_CONVERSION = YES;
				CLANG_WARN_OBJC_ROOT_CLASS = YES_ERROR;
				CLANG_WARN_RANGE_LOOP_ANALYSIS = YES;
				CLANG_WARN_STRICT_PROTOTYPES = YES;
				CLANG_WARN_SUSPICIOUS_MOVE = YES;
				CLANG_WARN_UNGUARDED_AVAILABILITY = YES_AGGRESSIVE;
				CLANG_WARN_UNREACHABLE_CODE = YES;
				CLANG_WARN__DUPLICATE_METHOD_MATCH = YES;
				CODE_SIGN_IDENTITY = "iPhone Developer";
				COPY_PHASE_STRIP = NO;
				DEBUG_INFORMATION_FORMAT = "dwarf-with-dsym";
				ENABLE_NS_ASSERTIONS = NO;
				ENABLE_STRICT_OBJC_MSGSEND = YES;
				GCC_C_LANGUAGE_STANDARD = gnu11;
				GCC_NO_COMMON_BLOCKS = YES;
				GCC_WARN_64_TO_32_BIT_CONVERSION = YES;
				GCC_WARN_ABOUT_RETURN_TYPE = YES_ERROR;
				GCC_WARN_UNDECLARED_SELECTOR = YES;
				GCC_WARN_UNINITIALIZED_AUTOS = YES_AGGRESSIVE;
				GCC_WARN_UNUSED_FUNCTION = YES;
				GCC_WARN_UNUSED_VARIABLE = YES;
				IPHONEOS_DEPLOYMENT_TARGET = 12.4;
				MTL_ENABLE_DEBUG_INFO = NO;
				MTL_FAST_MATH = YES;
				SDKROOT = iphoneos;
				SWIFT_COMPILATION_MODE = wholemodule;
				SWIFT_OPTIMIZATION_LEVEL = "-O";
				VALIDATE_PRODUCT = YES;
			};
			name = Release;
		};
		3D34085E233C0EE400C12781 /* Debug */ = {
			isa = XCBuildConfiguration;
			buildSettings = {
				ASSETCATALOG_COMPILER_APPICON_NAME = AppIcon;
				CODE_SIGN_STYLE = Automatic;
				INFOPLIST_FILE = Restaurantes/Info.plist;
				LD_RUNPATH_SEARCH_PATHS = (
					"$(inherited)",
					"@executable_path/Frameworks",
				);
				PRODUCT_BUNDLE_IDENTIFIER = ulsa.edu.Restaurantes;
				PRODUCT_NAME = "$(TARGET_NAME)";
				SWIFT_VERSION = 5.0;
				TARGETED_DEVICE_FAMILY = "1,2";
			};
			name = Debug;
		};
		3D34085F233C0EE400C12781 /* Release */ = {
			isa = XCBuildConfiguration;
			buildSettings = {
				ASSETCATALOG_COMPILER_APPICON_NAME = AppIcon;
				CODE_SIGN_STYLE = Automatic;
				INFOPLIST_FILE = Restaurantes/Info.plist;
				LD_RUNPATH_SEARCH_PATHS = (
					"$(inherited)",
					"@executable_path/Frameworks",
				);
				PRODUCT_BUNDLE_IDENTIFIER = ulsa.edu.Restaurantes;
				PRODUCT_NAME = "$(TARGET_NAME)";
				SWIFT_VERSION = 5.0;
				TARGETED_DEVICE_FAMILY = "1,2";
			};
			name = Release;
		};
		3D340861233C0EE400C12781 /* Debug */ = {
			isa = XCBuildConfiguration;
			buildSettings = {
				ALWAYS_EMBED_SWIFT_STANDARD_LIBRARIES = YES;
				BUNDLE_LOADER = "$(TEST_HOST)";
				CODE_SIGN_STYLE = Automatic;
				INFOPLIST_FILE = RestaurantesTests/Info.plist;
				LD_RUNPATH_SEARCH_PATHS = (
					"$(inherited)",
					"@executable_path/Frameworks",
					"@loader_path/Frameworks",
				);
				PRODUCT_BUNDLE_IDENTIFIER = ulsa.edu.RestaurantesTests;
				PRODUCT_NAME = "$(TARGET_NAME)";
				SWIFT_VERSION = 5.0;
				TARGETED_DEVICE_FAMILY = "1,2";
				TEST_HOST = "$(BUILT_PRODUCTS_DIR)/Restaurantes.app/Restaurantes";
			};
			name = Debug;
		};
		3D340862233C0EE400C12781 /* Release */ = {
			isa = XCBuildConfiguration;
			buildSettings = {
				ALWAYS_EMBED_SWIFT_STANDARD_LIBRARIES = YES;
				BUNDLE_LOADER = "$(TEST_HOST)";
				CODE_SIGN_STYLE = Automatic;
				INFOPLIST_FILE = RestaurantesTests/Info.plist;
				LD_RUNPATH_SEARCH_PATHS = (
					"$(inherited)",
					"@executable_path/Frameworks",
					"@loader_path/Frameworks",
				);
				PRODUCT_BUNDLE_IDENTIFIER = ulsa.edu.RestaurantesTests;
				PRODUCT_NAME = "$(TARGET_NAME)";
				SWIFT_VERSION = 5.0;
				TARGETED_DEVICE_FAMILY = "1,2";
				TEST_HOST = "$(BUILT_PRODUCTS_DIR)/Restaurantes.app/Restaurantes";
			};
			name = Release;
		};
		3D340864233C0EE400C12781 /* Debug */ = {
			isa = XCBuildConfiguration;
			buildSettings = {
				ALWAYS_EMBED_SWIFT_STANDARD_LIBRARIES = YES;
				CODE_SIGN_STYLE = Automatic;
				INFOPLIST_FILE = RestaurantesUITests/Info.plist;
				LD_RUNPATH_SEARCH_PATHS = (
					"$(inherited)",
					"@executable_path/Frameworks",
					"@loader_path/Frameworks",
				);
				PRODUCT_BUNDLE_IDENTIFIER = ulsa.edu.RestaurantesUITests;
				PRODUCT_NAME = "$(TARGET_NAME)";
				SWIFT_VERSION = 5.0;
				TARGETED_DEVICE_FAMILY = "1,2";
				TEST_TARGET_NAME = Restaurantes;
			};
			name = Debug;
		};
		3D340865233C0EE400C12781 /* Release */ = {
			isa = XCBuildConfiguration;
			buildSettings = {
				ALWAYS_EMBED_SWIFT_STANDARD_LIBRARIES = YES;
				CODE_SIGN_STYLE = Automatic;
				INFOPLIST_FILE = RestaurantesUITests/Info.plist;
				LD_RUNPATH_SEARCH_PATHS = (
					"$(inherited)",
					"@executable_path/Frameworks",
					"@loader_path/Frameworks",
				);
				PRODUCT_BUNDLE_IDENTIFIER = ulsa.edu.RestaurantesUITests;
				PRODUCT_NAME = "$(TARGET_NAME)";
				SWIFT_VERSION = 5.0;
				TARGETED_DEVICE_FAMILY = "1,2";
				TEST_TARGET_NAME = Restaurantes;
			};
			name = Release;
		};
/* End XCBuildConfiguration section */

/* Begin XCConfigurationList section */
		3D340830233C0EE100C12781 /* Build configuration list for PBXProject "Restaurantes" */ = {
			isa = XCConfigurationList;
			buildConfigurations = (
				3D34085B233C0EE400C12781 /* Debug */,
				3D34085C233C0EE400C12781 /* Release */,
			);
			defaultConfigurationIsVisible = 0;
			defaultConfigurationName = Release;
		};
		3D34085D233C0EE400C12781 /* Build configuration list for PBXNativeTarget "Restaurantes" */ = {
			isa = XCConfigurationList;
			buildConfigurations = (
				3D34085E233C0EE400C12781 /* Debug */,
				3D34085F233C0EE400C12781 /* Release */,
			);
			defaultConfigurationIsVisible = 0;
			defaultConfigurationName = Release;
		};
		3D340860233C0EE400C12781 /* Build configuration list for PBXNativeTarget "RestaurantesTests" */ = {
			isa = XCConfigurationList;
			buildConfigurations = (
				3D340861233C0EE400C12781 /* Debug */,
				3D340862233C0EE400C12781 /* Release */,
			);
			defaultConfigurationIsVisible = 0;
			defaultConfigurationName = Release;
		};
		3D340863233C0EE400C12781 /* Build configuration list for PBXNativeTarget "RestaurantesUITests" */ = {
			isa = XCConfigurationList;
			buildConfigurations = (
				3D340864233C0EE400C12781 /* Debug */,
				3D340865233C0EE400C12781 /* Release */,
			);
			defaultConfigurationIsVisible = 0;
			defaultConfigurationName = Release;
		};
/* End XCConfigurationList section */
	};
	rootObject = 3D34082D233C0EE100C12781 /* Project object */;
}
